{
  "nodes": {
    "nixpkgs": {
      "locked": {
        "lastModified": 1671610858,
        "narHash": "sha256-ySSovR7c0W1+mGCykTwb5EeMcQsyV50kqf26K8jCGLA=",
        "owner": "NixOS",
        "repo": "nixpkgs",
        "rev": "0776b54a89aaac95fc9881b37ad061bf07b29c60",
        "type": "github"
      },
      "original": {
        "owner": "NixOS",
        "repo": "nixpkgs",
        "type": "github"
      }
    },
    "root": {
      "inputs": {
        "nixpkgs": "nixpkgs"
      }
    }
  },
  "root": "root",
  "version": 7
}
