{
  "nodes": {
    "nixpkgs": {
      "locked": {
        "lastModified": 1701728153,
        "narHash": "sha256-p3D4UcjvwjsI5WHHmtgBIt+g7XZ5oEFQjVZhhTzUFIc=",
        "owner": "NixOS",
        "repo": "nixpkgs",
        "rev": "aada0f601542c139ea3b46723c59c9a178d22409",
        "type": "github"
      },
      "original": {
        "owner": "NixOS",
        "repo": "nixpkgs",
        "type": "github"
      }
    },
    "root": {
      "inputs": {
        "nixpkgs": "nixpkgs"
      }
    }
  },
  "root": "root",
  "version": 7
}
