{
  "nodes": {
    "nixpkgs": {
      "locked": {
        "lastModified": 1709853445,
        "narHash": "sha256-0JJpyW82ddX4HoyywWlPsEJq3TnB4GElMUicIC+qv8U=",
        "owner": "NixOS",
        "repo": "nixpkgs",
        "rev": "9cc7157458ce51d88583a6990b1d13a82a0aa3d3",
        "type": "github"
      },
      "original": {
        "owner": "NixOS",
        "repo": "nixpkgs",
        "type": "github"
      }
    },
    "root": {
      "inputs": {
        "nixpkgs": "nixpkgs"
      }
    }
  },
  "root": "root",
  "version": 7
}
